
Microsoft Visual Studio Solution File, Format Version 12.00
Project("{2150E333-8FDC-42A3-9474-1A3956D46DE8}") = "src", "src", "{C0B35D50-5532-46E2-BD0D-1AEFFC109803}"
EndProject
Project("{FAE04EC0-301F-11D3-BF4B-00C04F79EFBC}") = "TaskFlow.Api", "src\TaskFlow.Api\TaskFlow.Api.csproj", "{C06574E8-19C7-45D2-9EEE-ABFF1520246D}"
EndProject
Project("{FAE04EC0-301F-11D3-BF4B-00C04F79EFBC}") = "TaskFlow.Application", "src\TaskFlow.Application\TaskFlow.Application.csproj", "{4E69FA03-106D-4BA2-8D88-4897F1CEE3DE}"
EndProject
Project("{FAE04EC0-301F-11D3-BF4B-00C04F79EFBC}") = "TaskFlow.Communication", "src\TaskFlow.Communication\TaskFlow.Communication.csproj", "{6C5D5D5F-76FF-428E-BF2F-DE3C721F00B8}"
EndProject
Project("{FAE04EC0-301F-11D3-BF4B-00C04F79EFBC}") = "TaskFlow.Domain", "src\TaskFlow.Domain\TaskFlow.Domain.csproj", "{040E3179-4824-4B8D-B76E-E08763A19E99}"
EndProject
Project("{FAE04EC0-301F-11D3-BF4B-00C04F79EFBC}") = "TaskFlow.Infrastructure", "src\TaskFlow.Infrastructure\TaskFlow.Infrastructure.csproj", "{485C92F4-A7AA-433B-AE5D-39118786BF4F}"
EndProject
Global
	GlobalSection(SolutionConfigurationPlatforms) = preSolution
		Debug|Any CPU = Debug|Any CPU
		Release|Any CPU = Release|Any CPU
	EndGlobalSection
	GlobalSection(NestedProjects) = preSolution
		{C06574E8-19C7-45D2-9EEE-ABFF1520246D} = {C0B35D50-5532-46E2-BD0D-1AEFFC109803}
		{4E69FA03-106D-4BA2-8D88-4897F1CEE3DE} = {C0B35D50-5532-46E2-BD0D-1AEFFC109803}
		{6C5D5D5F-76FF-428E-BF2F-DE3C721F00B8} = {C0B35D50-5532-46E2-BD0D-1AEFFC109803}
		{040E3179-4824-4B8D-B76E-E08763A19E99} = {C0B35D50-5532-46E2-BD0D-1AEFFC109803}
		{485C92F4-A7AA-433B-AE5D-39118786BF4F} = {C0B35D50-5532-46E2-BD0D-1AEFFC109803}
	EndGlobalSection
	GlobalSection(ProjectConfigurationPlatforms) = postSolution
		{C06574E8-19C7-45D2-9EEE-ABFF1520246D}.Debug|Any CPU.ActiveCfg = Debug|Any CPU
		{C06574E8-19C7-45D2-9EEE-ABFF1520246D}.Debug|Any CPU.Build.0 = Debug|Any CPU
		{C06574E8-19C7-45D2-9EEE-ABFF1520246D}.Release|Any CPU.ActiveCfg = Release|Any CPU
		{C06574E8-19C7-45D2-9EEE-ABFF1520246D}.Release|Any CPU.Build.0 = Release|Any CPU
		{4E69FA03-106D-4BA2-8D88-4897F1CEE3DE}.Debug|Any CPU.ActiveCfg = Debug|Any CPU
		{4E69FA03-106D-4BA2-8D88-4897F1CEE3DE}.Debug|Any CPU.Build.0 = Debug|Any CPU
		{4E69FA03-106D-4BA2-8D88-4897F1CEE3DE}.Release|Any CPU.ActiveCfg = Release|Any CPU
		{4E69FA03-106D-4BA2-8D88-4897F1CEE3DE}.Release|Any CPU.Build.0 = Release|Any CPU
		{6C5D5D5F-76FF-428E-BF2F-DE3C721F00B8}.Debug|Any CPU.ActiveCfg = Debug|Any CPU
		{6C5D5D5F-76FF-428E-BF2F-DE3C721F00B8}.Debug|Any CPU.Build.0 = Debug|Any CPU
		{6C5D5D5F-76FF-428E-BF2F-DE3C721F00B8}.Release|Any CPU.ActiveCfg = Release|Any CPU
		{6C5D5D5F-76FF-428E-BF2F-DE3C721F00B8}.Release|Any CPU.Build.0 = Release|Any CPU
		{040E3179-4824-4B8D-B76E-E08763A19E99}.Debug|Any CPU.ActiveCfg = Debug|Any CPU
		{040E3179-4824-4B8D-B76E-E08763A19E99}.Debug|Any CPU.Build.0 = Debug|Any CPU
		{040E3179-4824-4B8D-B76E-E08763A19E99}.Release|Any CPU.ActiveCfg = Release|Any CPU
		{040E3179-4824-4B8D-B76E-E08763A19E99}.Release|Any CPU.Build.0 = Release|Any CPU
		{485C92F4-A7AA-433B-AE5D-39118786BF4F}.Debug|Any CPU.ActiveCfg = Debug|Any CPU
		{485C92F4-A7AA-433B-AE5D-39118786BF4F}.Debug|Any CPU.Build.0 = Debug|Any CPU
		{485C92F4-A7AA-433B-AE5D-39118786BF4F}.Release|Any CPU.ActiveCfg = Release|Any CPU
		{485C92F4-A7AA-433B-AE5D-39118786BF4F}.Release|Any CPU.Build.0 = Release|Any CPU
	EndGlobalSection
EndGlobal
